{
	"name": "code-editor",
	"version": "0.5.0",
	"lockfileVersion": 1,
	"requires": true,
	"dependencies": {
		"nan": {
			"version": "2.11.0",
			"resolved": "https://registry.npmjs.org/nan/-/nan-2.11.0.tgz",
			"integrity": "sha512-F4miItu2rGnV2ySkXOQoA8FKz/SR2Q2sWP0sbTxNxz/tuokeC8WxOhPMcwi0qIyGtVn/rrSeLbvVkznqCdwYnw=="
		},
		"oniguruma": {
			"version": "7.0.1",
			"resolved": "https://registry.npmjs.org/oniguruma/-/oniguruma-7.0.1.tgz",
			"integrity": "sha512-PklYbBoYceHuoag91e1HFmZXO7SvMeEl8dXNyVvEaYW+1JNPKFI9P6G6ODm9Q3MivQPOBGg+9Zs1Li+2owbwQQ==",
			"requires": {
				"nan": "^2.10.0"
			}
		},
		"vscode-textmate": {
			"version": "github:Microsoft/vscode-textmate#bd860d3d87b37343cc61239e5e90d813c1b3595d",
			"from": "github:Microsoft/vscode-textmate",
			"requires": {
				"oniguruma": "^7.0.0"
			}
		}
	}
}
